PODS:
  - AWERTL (1.0.0):
    - RSSwizzle
  - RSSwizzle (0.1.0)

DEPENDENCIES:
  - AWERTL (from `../`)

SPEC REPOS:
  trunk:
    - RSSwizzle

EXTERNAL SOURCES:
  AWERTL:
    :path: "../"

SPEC CHECKSUMS:
  AWERTL: 4730c9abe56c4b7b0e1d510dc07e1e41d5221ba3
  RSSwizzle: d561958f595028bfcef98c7d55c318b3878a61c6

PODFILE CHECKSUM: 5b2d0a5a4a667aa4dbbee0fe40db6f4a51150e55

COCOAPODS: 1.15.2
